{
  "name": "fleetpro-web",
  "version": "1.0.0",
  "lockfileVersion": 3,
  "requires": true,
  "packages": {
    "": {
      "name": "fleetpro-web",
      "version": "1.0.0",
      "workspaces": [
        "client"
      ],
      "engines": {
        "node": ">=18 <23"
      }
    },
    "client": {
      "name": "fleetpro-web",
      "version": "1.0.0",
      "workspaces": [
        "client"
      ],
      "engines": {
        "node": ">=18 <23"
      }
    },
    "node_modules/fleetpro-web": {
      "resolved": "client",
      "link": true
    }
  }
}
